{
  "name": "schedule-robot",
  "version": "1.0.0",
  "lockfileVersion": 1,
  "requires": true,
  "dependencies": {
    "axios": {
      "version": "0.24.0",
      "requires": {
        "follow-redirects": "^1.14.4"
      }
    },
    "call-bind": {
      "version": "1.0.2",
      "resolved": "http://npm.cestc.cn:31111/call-bind/download/call-bind-1.0.2.tgz",
      "integrity": "sha1-sdTonmiBGcPJqQOtMKuy9qkZvjw=",
      "requires": {
        "function-bind": "^1.1.1",
        "get-intrinsic": "^1.0.2"
      }
    },
    "chinese-workday": {
      "version": "1.8.0"
    },
    "cron-parser": {
      "version": "3.5.0",
      "resolved": "http://npm.cestc.cn:31111/cron-parser/download/cron-parser-3.5.0.tgz",
      "integrity": "sha1-sanalRTAMQqn75nC8/HQ+MI1JXw=",
      "requires": {
        "is-nan": "^1.3.2",
        "luxon": "^1.26.0"
      }
    },
    "define-properties": {
      "version": "1.1.4",
      "resolved": "http://npm.cestc.cn:31111/define-properties/download/define-properties-1.1.4.tgz",
      "integrity": "sha1-CxTXvX++svNXLDp+2oDqXVf7BbE=",
      "requires": {
        "has-property-descriptors": "^1.0.0",
        "object-keys": "^1.1.1"
      }
    },
    "follow-redirects": {
      "version": "1.14.9",
      "resolved": "http://npm.cestc.cn:31111/follow-redirects/download/follow-redirects-1.14.9.tgz",
      "integrity": "sha1-3U6hV957+vnqmz+9haoWlR942Nc="
    },
    "function-bind": {
      "version": "1.1.1",
      "resolved": "http://npm.cestc.cn:31111/function-bind/download/function-bind-1.1.1.tgz",
      "integrity": "sha1-pWiZ0+o8m6uHS7l3O3xe3pL0iV0="
    },
    "get-intrinsic": {
      "version": "1.1.1",
      "resolved": "http://npm.cestc.cn:31111/get-intrinsic/download/get-intrinsic-1.1.1.tgz",
      "integrity": "sha1-FfWfN2+FXERpY5SPDSTNNje0q8Y=",
      "requires": {
        "function-bind": "^1.1.1",
        "has": "^1.0.3",
        "has-symbols": "^1.0.1"
      }
    },
    "has": {
      "version": "1.0.3",
      "resolved": "http://npm.cestc.cn:31111/has/download/has-1.0.3.tgz",
      "integrity": "sha1-ci18v8H2qoJB8W3YFOAR4fQeh5Y=",
      "requires": {
        "function-bind": "^1.1.1"
      }
    },
    "has-property-descriptors": {
      "version": "1.0.0",
      "resolved": "http://npm.cestc.cn:31111/has-property-descriptors/download/has-property-descriptors-1.0.0.tgz",
      "integrity": "sha1-YQcIYAYG02lh7QTBlhk7amB/qGE=",
      "requires": {
        "get-intrinsic": "^1.1.1"
      }
    },
    "has-symbols": {
      "version": "1.0.3",
      "resolved": "http://npm.cestc.cn:31111/has-symbols/download/has-symbols-1.0.3.tgz",
      "integrity": "sha1-u3ssQ0klHc6HsSX3vfh0qnyLOfg="
    },
    "https": {
      "version": "1.0.0",
      "resolved": "http://npm.cestc.cn:31111/https/download/https-1.0.0.tgz",
      "integrity": "sha1-PDfHrhqO65ZpBKKtHpdaGUt+06Q="
    },
    "is-nan": {
      "version": "1.3.2",
      "resolved": "http://npm.cestc.cn:31111/is-nan/download/is-nan-1.3.2.tgz",
      "integrity": "sha1-BDpUreoxdItVts1OCara+mm9nh0=",
      "requires": {
        "call-bind": "^1.0.0",
        "define-properties": "^1.1.3"
      }
    },
    "long-timeout": {
      "version": "0.1.1",
      "resolved": "http://npm.cestc.cn:31111/long-timeout/download/long-timeout-0.1.1.tgz",
      "integrity": "sha1-lyHXiLR+C8taJMLivuGg2lXatRQ="
    },
    "luxon": {
      "version": "1.28.0",
      "resolved": "http://npm.cestc.cn:31111/luxon/download/luxon-1.28.0.tgz",
      "integrity": "sha1-5/ltqtOTjAamLeD7AnEV0lElH78="
    },
    "moment": {
      "version": "2.29.3"
    },
    "node-schedule": {
      "version": "2.1.0",
      "requires": {
        "cron-parser": "^3.5.0",
        "long-timeout": "0.1.1",
        "sorted-array-functions": "^1.3.0"
      }
    },
    "object-keys": {
      "version": "1.1.1",
      "resolved": "http://npm.cestc.cn:31111/object-keys/download/object-keys-1.1.1.tgz",
      "integrity": "sha1-HEfyct8nfzsdrwYWd9nILiMixg4="
    },
    "sorted-array-functions": {
      "version": "1.3.0",
      "resolved": "http://npm.cestc.cn:31111/sorted-array-functions/download/sorted-array-functions-1.3.0.tgz",
      "integrity": "sha1-hgVpVWMpTf+yyXltYCvYRZ96DdU="
    }
  }
}
